
Microsoft Visual Studio Solution File, Format Version 12.00
# Visual Studio Version 17
VisualStudioVersion = 17.9.34728.123
MinimumVisualStudioVersion = 10.0.40219.1
Project("{FAE04EC0-301F-11D3-BF4B-00C04F79EFBC}") = "dataAPI_som", "dataAPI_som\dataAPI_som.csproj", "{D62E259D-81EE-4DAE-8EB8-75D015E38608}"
EndProject
Global
	GlobalSection(SolutionConfigurationPlatforms) = preSolution
		Debug|Any CPU = Debug|Any CPU
		Release|Any CPU = Release|Any CPU
	EndGlobalSection
	GlobalSection(ProjectConfigurationPlatforms) = postSolution
		{D62E259D-81EE-4DAE-8EB8-75D015E38608}.Debug|Any CPU.ActiveCfg = Debug|Any CPU
		{D62E259D-81EE-4DAE-8EB8-75D015E38608}.Debug|Any CPU.Build.0 = Debug|Any CPU
		{D62E259D-81EE-4DAE-8EB8-75D015E38608}.Release|Any CPU.ActiveCfg = Release|Any CPU
		{D62E259D-81EE-4DAE-8EB8-75D015E38608}.Release|Any CPU.Build.0 = Release|Any CPU
	EndGlobalSection
	GlobalSection(SolutionProperties) = preSolution
		HideSolutionNode = FALSE
	EndGlobalSection
	GlobalSection(ExtensibilityGlobals) = postSolution
		SolutionGuid = {F5C7887D-2A13-4A56-A7E6-5681DC8CD412}
	EndGlobalSection
EndGlobal
