
Microsoft Visual Studio Solution File, Format Version 12.00
# Visual Studio Version 17
VisualStudioVersion = 17.9.34728.123
MinimumVisualStudioVersion = 10.0.40219.1
Project("{9A19103F-16F7-4668-BE54-9A1E7A4F7556}") = "ex07_EmployeeMngApp", "ex07_EmployeeMngApp\ex07_EmployeeMngApp.csproj", "{EAE90FD5-AAB6-4C22-BF21-EAF06D767B15}"
EndProject
Project("{FAE04EC0-301F-11D3-BF4B-00C04F79EFBC}") = "ex10_MovieFinder2024", "ex10_MovieFinder2024\ex10_MovieFinder2024.csproj", "{A994C543-3728-4A4F-AB26-B5BDFC3C6EDB}"
EndProject
Global
	GlobalSection(SolutionConfigurationPlatforms) = preSolution
		Debug|Any CPU = Debug|Any CPU
		Release|Any CPU = Release|Any CPU
	EndGlobalSection
	GlobalSection(ProjectConfigurationPlatforms) = postSolution
		{EAE90FD5-AAB6-4C22-BF21-EAF06D767B15}.Debug|Any CPU.ActiveCfg = Debug|Any CPU
		{EAE90FD5-AAB6-4C22-BF21-EAF06D767B15}.Debug|Any CPU.Build.0 = Debug|Any CPU
		{EAE90FD5-AAB6-4C22-BF21-EAF06D767B15}.Release|Any CPU.ActiveCfg = Release|Any CPU
		{EAE90FD5-AAB6-4C22-BF21-EAF06D767B15}.Release|Any CPU.Build.0 = Release|Any CPU
		{A994C543-3728-4A4F-AB26-B5BDFC3C6EDB}.Debug|Any CPU.ActiveCfg = Debug|Any CPU
		{A994C543-3728-4A4F-AB26-B5BDFC3C6EDB}.Debug|Any CPU.Build.0 = Debug|Any CPU
		{A994C543-3728-4A4F-AB26-B5BDFC3C6EDB}.Release|Any CPU.ActiveCfg = Release|Any CPU
		{A994C543-3728-4A4F-AB26-B5BDFC3C6EDB}.Release|Any CPU.Build.0 = Release|Any CPU
	EndGlobalSection
	GlobalSection(SolutionProperties) = preSolution
		HideSolutionNode = FALSE
	EndGlobalSection
	GlobalSection(ExtensibilityGlobals) = postSolution
		SolutionGuid = {4BAF51E5-E9A7-410D-A5B0-3F13337252F0}
	EndGlobalSection
EndGlobal
